
Microsoft Visual Studio Solution File, Format Version 12.00
# Visual Studio Version 17
VisualStudioVersion = 17.9.34607.119
MinimumVisualStudioVersion = 10.0.40219.1
Project("{FAE04EC0-301F-11D3-BF4B-00C04F79EFBC}") = "Project-16-02-2024", "Project-16-02-2024\Project-16-02-2024.csproj", "{A525CC06-2A46-4317-B3C1-AD8026E829A2}"
EndProject
Global
	GlobalSection(SolutionConfigurationPlatforms) = preSolution
		Debug|Any CPU = Debug|Any CPU
		Release|Any CPU = Release|Any CPU
	EndGlobalSection
	GlobalSection(ProjectConfigurationPlatforms) = postSolution
		{A525CC06-2A46-4317-B3C1-AD8026E829A2}.Debug|Any CPU.ActiveCfg = Debug|Any CPU
		{A525CC06-2A46-4317-B3C1-AD8026E829A2}.Debug|Any CPU.Build.0 = Debug|Any CPU
		{A525CC06-2A46-4317-B3C1-AD8026E829A2}.Release|Any CPU.ActiveCfg = Release|Any CPU
		{A525CC06-2A46-4317-B3C1-AD8026E829A2}.Release|Any CPU.Build.0 = Release|Any CPU
	EndGlobalSection
	GlobalSection(SolutionProperties) = preSolution
		HideSolutionNode = FALSE
	EndGlobalSection
	GlobalSection(ExtensibilityGlobals) = postSolution
		SolutionGuid = {A605B50C-1BB0-4579-986B-D61B08730B7E}
	EndGlobalSection
EndGlobal
